# This file is automatically @generated by Poetry 1.8.3 and should not be changed by hand.

[[package]]
name = "click"
version = "8.1.7"
description = "Composable command line interface toolkit"
optional = false
python-versions = ">=3.7"
files = [
    {file = "click-8.1.7-py3-none-any.whl", hash = "sha256:ae74fb96c20a0277a1d615f1e4d73c8414f5a98db8b799a7931d1582f3390c28"},
    {file = "click-8.1.7.tar.gz", hash = "sha256:ca9853ad459e787e2192211578cc907e7594e294c7ccc834310722b41b9ca6de"},
]

[package.dependencies]
colorama = {version = "*", markers = "platform_system == \"Windows\""}

[[package]]
name = "colorama"
version = "0.4.6"
description = "Cross-platform colored terminal text."
optional = false
python-versions = "!=3.0.*,!=3.1.*,!=3.2.*,!=3.3.*,!=3.4.*,!=3.5.*,!=3.6.*,>=2.7"
files = [
    {file = "colorama-0.4.6-py2.py3-none-any.whl", hash = "sha256:4f1d9991f5acc0ca119f9d443620b77f9d6b33703e51011c16baf57afb285fc6"},
    {file = "colorama-0.4.6.tar.gz", hash = "sha256:08695f5cb7ed6e0531a20572697297273c47b8cae5a63ffc6d6ed5c201be6e44"},
]

[[package]]
name = "dill"
version = "0.3.8"
description = "serialize all of Python"
optional = false
python-versions = ">=3.8"
files = [
    {file = "dill-0.3.8-py3-none-any.whl", hash = "sha256:c36ca9ffb54365bdd2f8eb3eff7d2a21237f8452b57ace88b1ac615b7e815bd7"},
    {file = "dill-0.3.8.tar.gz", hash = "sha256:3ebe3c479ad625c4553aca177444d89b486b1d84982eeacded644afc0cf797ca"},
]

[package.extras]
graph = ["objgraph (>=1.7.2)"]
profile = ["gprof2dot (>=2022.7.29)"]

[[package]]
name = "granian"
version = "1.4.3"
description = "A Rust HTTP server for Python applications"
optional = false
python-versions = ">=3.8"
files = [
    {file = "granian-1.4.3-cp310-cp310-macosx_10_12_x86_64.whl", hash = "sha256:c6c19fc0993592078d0f51550a8cf7da88e8564b4a7195ae76cca18f4d59f2c4"},
    {file = "granian-1.4.3-cp310-cp310-macosx_11_0_arm64.whl", hash = "sha256:ae6ba6b75c2400b91ae1c7e9b4e14913164c1a2b0c3fa4a91fa48c4137a63696"},
    {file = "granian-1.4.3-cp310-cp310-manylinux_2_17_aarch64.manylinux2014_aarch64.whl", hash = "sha256:54257bb13d52f7b43f2b60463f3a85d1b2c0163d701312fb4d03d43d008bbe53"},
    {file = "granian-1.4.3-cp310-cp310-manylinux_2_17_x86_64.manylinux2014_x86_64.whl", hash = "sha256:51fb9293863dc7bf9ef097880df40ce19e025334bc726a988c63b2d7b570274e"},
    {file = "granian-1.4.3-cp310-cp310-musllinux_1_1_aarch64.whl", hash = "sha256:0ff1ae5c88014c4bc95361da9da0fa14d5ea8a79349d1f23dd660b20f635c66b"},
    {file = "granian-1.4.3-cp310-cp310-musllinux_1_1_x86_64.whl", hash = "sha256:3d6bc4a6e53b555835df49309916886eac03edb5f8e45bbc137c1c1dde09d047"},
    {file = "granian-1.4.3-cp310-none-win_amd64.whl", hash = "sha256:343b312ac7a04c85857e428763f820685d311313649faa54fd9ec92317931ae9"},
    {file = "granian-1.4.3-cp311-cp311-macosx_10_12_x86_64.whl", hash = "sha256:ff442296d5ee773781ff9de2bbba5d814eed8f0347bb5e386714542565efc00d"},
    {file = "granian-1.4.3-cp311-cp311-macosx_11_0_arm64.whl", hash = "sha256:7fec2b27f1e7988f47cd51c28270dd7167402c830b7eb12fbfe9f1f9aab90127"},
    {file = "granian-1.4.3-cp311-cp311-manylinux_2_17_aarch64.manylinux2014_aarch64.whl", hash = "sha256:2593ac71b0f9a84748f0dced3293c979222b3c2ea17a49b506aa78c3e8f5c7bc"},
    {file = "granian-1.4.3-cp311-cp311-manylinux_2_17_x86_64.manylinux2014_x86_64.whl", hash = "sha256:25c437af85295681e96b736e332832b1cdca8e03233e638e24cccd4226b95ca8"},
    {file = "granian-1.4.3-cp311-cp311-musllinux_1_1_aarch64.whl", hash = "sha256:a0f769cdd5cf0337cb52bb85b5485dc66bda535e48e7648f6e909ff70a8e852d"},
    {file = "granian-1.4.3-cp311-cp311-musllinux_1_1_x86_64.whl", hash = "sha256:282fbf86bb16f4243e3e9da6be85a3fd0793a6adbf42d716a7e427861f1c8fdb"},
    {file = "granian-1.4.3-cp311-none-win_amd64.whl", hash = "sha256:d47e2a4df8a221d262ea8dc6ca4d9ceb527a759bc8a06a2a82cffc27f22f9721"},
    {file = "granian-1.4.3-cp312-cp312-macosx_10_12_x86_64.whl", hash = "sha256:2bc47cc0eb87dd3e52fd1b515ff655769b72a155a463098622826ffbbc47cfbe"},
    {file = "granian-1.4.3-cp312-cp312-macosx_11_0_arm64.whl", hash = "sha256:b8e2523644820493ee06e5ae9ce88e2a172306d9ba922e84e5d2c32db93fb0a9"},
    {file = "granian-1.4.3-cp312-cp312-manylinux_2_17_aarch64.manylinux2014_aarch64.whl", hash = "sha256:dc73b8e60071ae9d8152e3af30100f46b03f76a3f55c532023e9f71cdaa445a9"},
    {file = "granian-1.4.3-cp312-cp312-manylinux_2_17_x86_64.manylinux2014_x86_64.whl", hash = "sha256:c16eec0adb67ea3e0960886207953213d9c0a7e95bbf72220fc4966eca7597b9"},
    {file = "granian-1.4.3-cp312-cp312-musllinux_1_1_aarch64.whl", hash = "sha256:eb314e995b3eb8d6ab344b7b642ec668dad33f629996c22e710585d4bf22abe2"},
    {file = "granian-1.4.3-cp312-cp312-musllinux_1_1_x86_64.whl", hash = "sha256:103aaa0c5aad8944ca8d27d2a5882d9c82230fc1cb92483b5422b5d695508e52"},
    {file = "granian-1.4.3-cp312-none-win_amd64.whl", hash = "sha256:627aad5bb5d56ca25ac45d7a9a6dbca9f91c9c25628c27b2b870221846c6c7a5"},
    {file = "granian-1.4.3-cp38-cp38-macosx_10_12_x86_64.whl", hash = "sha256:09c0defbca942e8a8f965984cb68f553bf4b8c4756dede5c797ffcfe637d8518"},
    {file = "granian-1.4.3-cp38-cp38-macosx_11_0_arm64.whl", hash = "sha256:05da90c44d84779a1c626476edc88e6823af3f8e2c184ecf0d3999767e7a71ec"},
    {file = "granian-1.4.3-cp38-cp38-manylinux_2_17_aarch64.manylinux2014_aarch64.whl", hash = "sha256:55e0a662a5366005eeaac147d9de83c4cebbbfd5cac42dcbe9f055d982cdebf5"},
    {file = "granian-1.4.3-cp38-cp38-manylinux_2_17_x86_64.manylinux2014_x86_64.whl", hash = "sha256:11f119ff831480c486fc130663a4f65218708299c133028adfbef99850b2509c"},
    {file = "granian-1.4.3-cp38-cp38-musllinux_1_1_aarch64.whl", hash = "sha256:0d81e674e1c8848a56394d104926b335af1e1224aa749cc9028f9077ae1d2290"},
    {file = "granian-1.4.3-cp38-cp38-musllinux_1_1_x86_64.whl", hash = "sha256:b38221d7c3064ce3736986b9acb4540aaefa21f86cf938f3e5ce1bc0f00a45c0"},
    {file = "granian-1.4.3-cp38-none-win_amd64.whl", hash = "sha256:0929db39e8cef047d1f40fecd2435342d3e6c7d936027e914e2f9976a05afe95"},
    {file = "granian-1.4.3-cp39-cp39-macosx_10_12_x86_64.whl", hash = "sha256:c023994d5358cdbb721f74a717d62657451318c023745a2833a5f794005abdca"},
    {file = "granian-1.4.3-cp39-cp39-macosx_11_0_arm64.whl", hash = "sha256:6543645387b53a269bac45a3fff16edca9b6403db630e23444cb00c10d2ac096"},
    {file = "granian-1.4.3-cp39-cp39-manylinux_2_17_aarch64.manylinux2014_aarch64.whl", hash = "sha256:8eed8d067a7bb5d71469f8a0565f857eb9e59d5907780127687e4254fe070549"},
    {file = "granian-1.4.3-cp39-cp39-manylinux_2_17_x86_64.manylinux2014_x86_64.whl", hash = "sha256:4f08b3c9f4c730f352b696c0e2de94d0e12a43e110d530ec20ed75e87fd1b409"},
    {file = "granian-1.4.3-cp39-cp39-musllinux_1_1_aarch64.whl", hash = "sha256:6bccd9eb87ffbbd8ef1fa44f01452aeb58248146eaddbfb8f98b0a73e929e213"},
    {file = "granian-1.4.3-cp39-cp39-musllinux_1_1_x86_64.whl", hash = "sha256:78b72bdf28ba06edc9a821ddc0b552e28cb57642e6903028532a76a785551028"},
    {file = "granian-1.4.3-cp39-none-win_amd64.whl", hash = "sha256:2bbfa5a5398fad2930212d65c2a5a2c008695e09cba9d209c92ca59b1fc11ffe"},
    {file = "granian-1.4.3-pp310-pypy310_pp73-macosx_10_12_x86_64.whl", hash = "sha256:080ff74cb02deac67115abc819de7dd4c7e53a606087fd89e33b8014a16ca8c0"},
    {file = "granian-1.4.3-pp310-pypy310_pp73-macosx_11_0_arm64.whl", hash = "sha256:1f57c24672943f2762fb2b405a9e79294e83ff65d5cba91e586b97c69b3a3199"},
    {file = "granian-1.4.3-pp310-pypy310_pp73-manylinux_2_17_aarch64.manylinux2014_aarch64.whl", hash = "sha256:5aabbb89bfbb533cf8bd37d1009127e5ee103ec056cd32b62c0842a8e37ca506"},
    {file = "granian-1.4.3-pp310-pypy310_pp73-manylinux_2_17_x86_64.manylinux2014_x86_64.whl", hash = "sha256:06b00ea24c8e5ddfb349966d5becbbac923c73520ebbc33c0de8eb9b5517f27f"},
    {file = "granian-1.4.3-pp310-pypy310_pp73-musllinux_1_1_aarch64.whl", hash = "sha256:837c4db7ae7e29024b4c916f6e53ed26faf1cd3d3b6c1811f8eae530ae442173"},
    {file = "granian-1.4.3-pp310-pypy310_pp73-musllinux_1_1_x86_64.whl", hash = "sha256:edbcf45ae755cca2b6cfbf3f3191a452b0f3d4f8d2fe4ffd60018676725b2386"},
    {file = "granian-1.4.3-pp310-pypy310_pp73-win_amd64.whl", hash = "sha256:ecef2ed53002b3dad1d7aa85af649e0e62086aec788ff467f6c06bc278e1378a"},
    {file = "granian-1.4.3-pp38-pypy38_pp73-macosx_10_12_x86_64.whl", hash = "sha256:459fac62f6166912235db994dc1f9f5031ee7620a4f37950dac06dc61a28612e"},
    {file = "granian-1.4.3-pp38-pypy38_pp73-macosx_11_0_arm64.whl", hash = "sha256:115412d8024a0da6fbf01a14a6c4a667126a8d6ded592da06d9084979a4d88d3"},
    {file = "granian-1.4.3-pp38-pypy38_pp73-manylinux_2_17_aarch64.manylinux2014_aarch64.whl", hash = "sha256:3d16a8e3de845062ed3f3a5a5e539ef37179ba95dc0af8ce3bd28c9bfd0eefda"},
    {file = "granian-1.4.3-pp38-pypy38_pp73-manylinux_2_17_x86_64.manylinux2014_x86_64.whl", hash = "sha256:67b12cb71a101388353ce6f084b43fda33fa3618ac78e28e5ddd2d4d832fbf7e"},
    {file = "granian-1.4.3-pp38-pypy38_pp73-musllinux_1_1_aarch64.whl", hash = "sha256:1fa8398e5dcad2a430481f4d73679be0fc6d671aeaf47c927b0158812e561917"},
    {file = "granian-1.4.3-pp38-pypy38_pp73-musllinux_1_1_x86_64.whl", hash = "sha256:fd88db372fec3dbf58615e39dc2c07281cd1cf8bd13e45cd832ac23c1033ec56"},
    {file = "granian-1.4.3-pp38-pypy38_pp73-win_amd64.whl", hash = "sha256:72cb743e719d166aa7c04f0832000cb14b2b62eccac80e528fde1d1b0a12e523"},
    {file = "granian-1.4.3-pp39-pypy39_pp73-macosx_10_12_x86_64.whl", hash = "sha256:2bab7a504069deeea760ab84a65423cfc331aa2f3b1670ec966bc2b50809f48c"},
    {file = "granian-1.4.3-pp39-pypy39_pp73-macosx_11_0_arm64.whl", hash = "sha256:4ef7443636bcb28ce10844db5c786b11f47eec28866402174c55ead57c486b26"},
    {file = "granian-1.4.3-pp39-pypy39_pp73-manylinux_2_17_aarch64.manylinux2014_aarch64.whl", hash = "sha256:2a86e07638d6b8922facc1581548e66f08be4ab2b849eb414520cbb417e987a2"},
    {file = "granian-1.4.3-pp39-pypy39_pp73-manylinux_2_17_x86_64.manylinux2014_x86_64.whl", hash = "sha256:8159d492440afc6ad1a25ee7b7ff5d9c54e60153e033d40b47de449bd5433330"},
    {file = "granian-1.4.3-pp39-pypy39_pp73-musllinux_1_1_aarch64.whl", hash = "sha256:2a059d1b5535d6ae15bfdf5ed9d502133048124d7336f91c92389649df8044e3"},
    {file = "granian-1.4.3-pp39-pypy39_pp73-musllinux_1_1_x86_64.whl", hash = "sha256:aef3a794628e526a4efce973c0639c56af0713fcf1c22ae48581eb3ffcdea9b3"},
    {file = "granian-1.4.3-pp39-pypy39_pp73-win_amd64.whl", hash = "sha256:5cf628812e4ead5e1f36b23ca1f1e83bba49dfbb2554e9f301cc97d47a06ee70"},
    {file = "granian-1.4.3.tar.gz", hash = "sha256:851345ec7d1bbba1a1ecca5ab6f5e9146aa56f51216a6e77f28682c50ae7529a"},
]

[package.dependencies]
click = ">=8.0.0"
uvloop = {version = ">=0.18.0,<0.19.0", markers = "sys_platform != \"win32\" and platform_python_implementation == \"CPython\""}

[package.extras]
all = ["granian[pname,reload]"]
dev = ["granian[all,lint,test]"]
lint = ["ruff (>=0.1.0,<0.2.0)"]
pname = ["setproctitle (>=1.3.3,<1.4.0)"]
reload = ["watchfiles (>=0.21,<1.0)"]
test = ["httpx (>=0.25.0,<0.26.0)", "pytest (>=7.4.2,<7.5.0)", "pytest-asyncio (>=0.21.1,<0.22.0)", "websockets (>=11.0,<12.0)"]

[[package]]
name = "intention"
version = "0.2.0"
description = ""
optional = false
python-versions = "^3.11"
files = []
develop = true

[package.dependencies]
dill = "^0.3.8"
granian = "^1.4.3"
jinja2 = "^3.1.4"
natsort = "^8.4.0"
typeguard = "^4.3.0"

[package.source]
type = "directory"
url = "../.."

[[package]]
name = "jinja2"
version = "3.1.4"
description = "A very fast and expressive template engine."
optional = false
python-versions = ">=3.7"
files = [
    {file = "jinja2-3.1.4-py3-none-any.whl", hash = "sha256:bc5dd2abb727a5319567b7a813e6a2e7318c39f4f487cfe6c89c6f9c7d25197d"},
    {file = "jinja2-3.1.4.tar.gz", hash = "sha256:4a3aee7acbbe7303aede8e9648d13b8bf88a429282aa6122a993f0ac800cb369"},
]

[package.dependencies]
MarkupSafe = ">=2.0"

[package.extras]
i18n = ["Babel (>=2.7)"]

[[package]]
name = "markupsafe"
version = "2.1.5"
description = "Safely add untrusted strings to HTML/XML markup."
optional = false
python-versions = ">=3.7"
files = [
    {file = "MarkupSafe-2.1.5-cp310-cp310-macosx_10_9_universal2.whl", hash = "sha256:a17a92de5231666cfbe003f0e4b9b3a7ae3afb1ec2845aadc2bacc93ff85febc"},
    {file = "MarkupSafe-2.1.5-cp310-cp310-macosx_10_9_x86_64.whl", hash = "sha256:72b6be590cc35924b02c78ef34b467da4ba07e4e0f0454a2c5907f473fc50ce5"},
    {file = "MarkupSafe-2.1.5-cp310-cp310-manylinux_2_17_aarch64.manylinux2014_aarch64.whl", hash = "sha256:e61659ba32cf2cf1481e575d0462554625196a1f2fc06a1c777d3f48e8865d46"},
    {file = "MarkupSafe-2.1.5-cp310-cp310-manylinux_2_17_x86_64.manylinux2014_x86_64.whl", hash = "sha256:2174c595a0d73a3080ca3257b40096db99799265e1c27cc5a610743acd86d62f"},
    {file = "MarkupSafe-2.1.5-cp310-cp310-manylinux_2_5_i686.manylinux1_i686.manylinux_2_17_i686.manylinux2014_i686.whl", hash = "sha256:ae2ad8ae6ebee9d2d94b17fb62763125f3f374c25618198f40cbb8b525411900"},
    {file = "MarkupSafe-2.1.5-cp310-cp310-musllinux_1_1_aarch64.whl", hash = "sha256:075202fa5b72c86ad32dc7d0b56024ebdbcf2048c0ba09f1cde31bfdd57bcfff"},
    {file = "MarkupSafe-2.1.5-cp310-cp310-musllinux_1_1_i686.whl", hash = "sha256:598e3276b64aff0e7b3451b72e94fa3c238d452e7ddcd893c3ab324717456bad"},
    {file = "MarkupSafe-2.1.5-cp310-cp310-musllinux_1_1_x86_64.whl", hash = "sha256:fce659a462a1be54d2ffcacea5e3ba2d74daa74f30f5f143fe0c58636e355fdd"},
    {file = "MarkupSafe-2.1.5-cp310-cp310-win32.whl", hash = "sha256:d9fad5155d72433c921b782e58892377c44bd6252b5af2f67f16b194987338a4"},
    {file = "MarkupSafe-2.1.5-cp310-cp310-win_amd64.whl", hash = "sha256:bf50cd79a75d181c9181df03572cdce0fbb75cc353bc350712073108cba98de5"},
    {file = "MarkupSafe-2.1.5-cp311-cp311-macosx_10_9_universal2.whl", hash = "sha256:629ddd2ca402ae6dbedfceeba9c46d5f7b2a61d9749597d4307f943ef198fc1f"},
    {file = "MarkupSafe-2.1.5-cp311-cp311-macosx_10_9_x86_64.whl", hash = "sha256:5b7b716f97b52c5a14bffdf688f971b2d5ef4029127f1ad7a513973cfd818df2"},
    {file = "MarkupSafe-2.1.5-cp311-cp311-manylinux_2_17_aarch64.manylinux2014_aarch64.whl", hash = "sha256:6ec585f69cec0aa07d945b20805be741395e28ac1627333b1c5b0105962ffced"},
    {file = "MarkupSafe-2.1.5-cp311-cp311-manylinux_2_17_x86_64.manylinux2014_x86_64.whl", hash = "sha256:b91c037585eba9095565a3556f611e3cbfaa42ca1e865f7b8015fe5c7336d5a5"},
    {file = "MarkupSafe-2.1.5-cp311-cp311-manylinux_2_5_i686.manylinux1_i686.manylinux_2_17_i686.manylinux2014_i686.whl", hash = "sha256:7502934a33b54030eaf1194c21c692a534196063db72176b0c4028e140f8f32c"},
    {file = "MarkupSafe-2.1.5-cp311-cp311-musllinux_1_1_aarch64.whl", hash = "sha256:0e397ac966fdf721b2c528cf028494e86172b4feba51d65f81ffd65c63798f3f"},
    {file = "MarkupSafe-2.1.5-cp311-cp311-musllinux_1_1_i686.whl", hash = "sha256:c061bb86a71b42465156a3ee7bd58c8c2ceacdbeb95d05a99893e08b8467359a"},
    {file = "MarkupSafe-2.1.5-cp311-cp311-musllinux_1_1_x86_64.whl", hash = "sha256:3a57fdd7ce31c7ff06cdfbf31dafa96cc533c21e443d57f5b1ecc6cdc668ec7f"},
    {file = "MarkupSafe-2.1.5-cp311-cp311-win32.whl", hash = "sha256:397081c1a0bfb5124355710fe79478cdbeb39626492b15d399526ae53422b906"},
    {file = "MarkupSafe-2.1.5-cp311-cp311-win_amd64.whl", hash = "sha256:2b7c57a4dfc4f16f7142221afe5ba4e093e09e728ca65c51f5620c9aaeb9a617"},
    {file = "MarkupSafe-2.1.5-cp312-cp312-macosx_10_9_universal2.whl", hash = "sha256:8dec4936e9c3100156f8a2dc89c4b88d5c435175ff03413b443469c7c8c5f4d1"},
    {file = "MarkupSafe-2.1.5-cp312-cp312-macosx_10_9_x86_64.whl", hash = "sha256:3c6b973f22eb18a789b1460b4b91bf04ae3f0c4234a0a6aa6b0a92f6f7b951d4"},
    {file = "MarkupSafe-2.1.5-cp312-cp312-manylinux_2_17_aarch64.manylinux2014_aarch64.whl", hash = "sha256:ac07bad82163452a6884fe8fa0963fb98c2346ba78d779ec06bd7a6262132aee"},
    {file = "MarkupSafe-2.1.5-cp312-cp312-manylinux_2_17_x86_64.manylinux2014_x86_64.whl", hash = "sha256:f5dfb42c4604dddc8e4305050aa6deb084540643ed5804d7455b5df8fe16f5e5"},
    {file = "MarkupSafe-2.1.5-cp312-cp312-manylinux_2_5_i686.manylinux1_i686.manylinux_2_17_i686.manylinux2014_i686.whl", hash = "sha256:ea3d8a3d18833cf4304cd2fc9cbb1efe188ca9b5efef2bdac7adc20594a0e46b"},
    {file = "MarkupSafe-2.1.5-cp312-cp312-musllinux_1_1_aarch64.whl", hash = "sha256:d050b3361367a06d752db6ead6e7edeb0009be66bc3bae0ee9d97fb326badc2a"},
    {file = "MarkupSafe-2.1.5-cp312-cp312-musllinux_1_1_i686.whl", hash = "sha256:bec0a414d016ac1a18862a519e54b2fd0fc8bbfd6890376898a6c0891dd82e9f"},
    {file = "MarkupSafe-2.1.5-cp312-cp312-musllinux_1_1_x86_64.whl", hash = "sha256:58c98fee265677f63a4385256a6d7683ab1832f3ddd1e66fe948d5880c21a169"},
    {file = "MarkupSafe-2.1.5-cp312-cp312-win32.whl", hash = "sha256:8590b4ae07a35970728874632fed7bd57b26b0102df2d2b233b6d9d82f6c62ad"},
    {file = "MarkupSafe-2.1.5-cp312-cp312-win_amd64.whl", hash = "sha256:823b65d8706e32ad2df51ed89496147a42a2a6e01c13cfb6ffb8b1e92bc910bb"},
    {file = "MarkupSafe-2.1.5-cp37-cp37m-macosx_10_9_x86_64.whl", hash = "sha256:c8b29db45f8fe46ad280a7294f5c3ec36dbac9491f2d1c17345be8e69cc5928f"},
    {file = "MarkupSafe-2.1.5-cp37-cp37m-manylinux_2_17_aarch64.manylinux2014_aarch64.whl", hash = "sha256:ec6a563cff360b50eed26f13adc43e61bc0c04d94b8be985e6fb24b81f6dcfdf"},
    {file = "MarkupSafe-2.1.5-cp37-cp37m-manylinux_2_17_x86_64.manylinux2014_x86_64.whl", hash = "sha256:a549b9c31bec33820e885335b451286e2969a2d9e24879f83fe904a5ce59d70a"},
    {file = "MarkupSafe-2.1.5-cp37-cp37m-manylinux_2_5_i686.manylinux1_i686.manylinux_2_17_i686.manylinux2014_i686.whl", hash = "sha256:4f11aa001c540f62c6166c7726f71f7573b52c68c31f014c25cc7901deea0b52"},
    {file = "MarkupSafe-2.1.5-cp37-cp37m-musllinux_1_1_aarch64.whl", hash = "sha256:7b2e5a267c855eea6b4283940daa6e88a285f5f2a67f2220203786dfa59b37e9"},
    {file = "MarkupSafe-2.1.5-cp37-cp37m-musllinux_1_1_i686.whl", hash = "sha256:2d2d793e36e230fd32babe143b04cec8a8b3eb8a3122d2aceb4a371e6b09b8df"},
    {file = "MarkupSafe-2.1.5-cp37-cp37m-musllinux_1_1_x86_64.whl", hash = "sha256:ce409136744f6521e39fd8e2a24c53fa18ad67aa5bc7c2cf83645cce5b5c4e50"},
    {file = "MarkupSafe-2.1.5-cp37-cp37m-win32.whl", hash = "sha256:4096e9de5c6fdf43fb4f04c26fb114f61ef0bf2e5604b6ee3019d51b69e8c371"},
    {file = "MarkupSafe-2.1.5-cp37-cp37m-win_amd64.whl", hash = "sha256:4275d846e41ecefa46e2015117a9f491e57a71ddd59bbead77e904dc02b1bed2"},
    {file = "MarkupSafe-2.1.5-cp38-cp38-macosx_10_9_universal2.whl", hash = "sha256:656f7526c69fac7f600bd1f400991cc282b417d17539a1b228617081106feb4a"},
    {file = "MarkupSafe-2.1.5-cp38-cp38-macosx_10_9_x86_64.whl", hash = "sha256:97cafb1f3cbcd3fd2b6fbfb99ae11cdb14deea0736fc2b0952ee177f2b813a46"},
    {file = "MarkupSafe-2.1.5-cp38-cp38-manylinux_2_17_aarch64.manylinux2014_aarch64.whl", hash = "sha256:1f3fbcb7ef1f16e48246f704ab79d79da8a46891e2da03f8783a5b6fa41a9532"},
    {file = "MarkupSafe-2.1.5-cp38-cp38-manylinux_2_17_x86_64.manylinux2014_x86_64.whl", hash = "sha256:fa9db3f79de01457b03d4f01b34cf91bc0048eb2c3846ff26f66687c2f6d16ab"},
    {file = "MarkupSafe-2.1.5-cp38-cp38-manylinux_2_5_i686.manylinux1_i686.manylinux_2_17_i686.manylinux2014_i686.whl", hash = "sha256:ffee1f21e5ef0d712f9033568f8344d5da8cc2869dbd08d87c84656e6a2d2f68"},
    {file = "MarkupSafe-2.1.5-cp38-cp38-musllinux_1_1_aarch64.whl", hash = "sha256:5dedb4db619ba5a2787a94d877bc8ffc0566f92a01c0ef214865e54ecc9ee5e0"},
    {file = "MarkupSafe-2.1.5-cp38-cp38-musllinux_1_1_i686.whl", hash = "sha256:30b600cf0a7ac9234b2638fbc0fb6158ba5bdcdf46aeb631ead21248b9affbc4"},
    {file = "MarkupSafe-2.1.5-cp38-cp38-musllinux_1_1_x86_64.whl", hash = "sha256:8dd717634f5a044f860435c1d8c16a270ddf0ef8588d4887037c5028b859b0c3"},
    {file = "MarkupSafe-2.1.5-cp38-cp38-win32.whl", hash = "sha256:daa4ee5a243f0f20d528d939d06670a298dd39b1ad5f8a72a4275124a7819eff"},
    {file = "MarkupSafe-2.1.5-cp38-cp38-win_amd64.whl", hash = "sha256:619bc166c4f2de5caa5a633b8b7326fbe98e0ccbfacabd87268a2b15ff73a029"},
    {file = "MarkupSafe-2.1.5-cp39-cp39-macosx_10_9_universal2.whl", hash = "sha256:7a68b554d356a91cce1236aa7682dc01df0edba8d043fd1ce607c49dd3c1edcf"},
    {file = "MarkupSafe-2.1.5-cp39-cp39-macosx_10_9_x86_64.whl", hash = "sha256:db0b55e0f3cc0be60c1f19efdde9a637c32740486004f20d1cff53c3c0ece4d2"},
    {file = "MarkupSafe-2.1.5-cp39-cp39-manylinux_2_17_aarch64.manylinux2014_aarch64.whl", hash = "sha256:3e53af139f8579a6d5f7b76549125f0d94d7e630761a2111bc431fd820e163b8"},
    {file = "MarkupSafe-2.1.5-cp39-cp39-manylinux_2_17_x86_64.manylinux2014_x86_64.whl", hash = "sha256:17b950fccb810b3293638215058e432159d2b71005c74371d784862b7e4683f3"},
    {file = "MarkupSafe-2.1.5-cp39-cp39-manylinux_2_5_i686.manylinux1_i686.manylinux_2_17_i686.manylinux2014_i686.whl", hash = "sha256:4c31f53cdae6ecfa91a77820e8b151dba54ab528ba65dfd235c80b086d68a465"},
    {file = "MarkupSafe-2.1.5-cp39-cp39-musllinux_1_1_aarch64.whl", hash = "sha256:bff1b4290a66b490a2f4719358c0cdcd9bafb6b8f061e45c7a2460866bf50c2e"},
    {file = "MarkupSafe-2.1.5-cp39-cp39-musllinux_1_1_i686.whl", hash = "sha256:bc1667f8b83f48511b94671e0e441401371dfd0f0a795c7daa4a3cd1dde55bea"},
    {file = "MarkupSafe-2.1.5-cp39-cp39-musllinux_1_1_x86_64.whl", hash = "sha256:5049256f536511ee3f7e1b3f87d1d1209d327e818e6ae1365e8653d7e3abb6a6"},
    {file = "MarkupSafe-2.1.5-cp39-cp39-win32.whl", hash = "sha256:00e046b6dd71aa03a41079792f8473dc494d564611a8f89bbbd7cb93295ebdcf"},
    {file = "MarkupSafe-2.1.5-cp39-cp39-win_amd64.whl", hash = "sha256:fa173ec60341d6bb97a89f5ea19c85c5643c1e7dedebc22f5181eb73573142c5"},
    {file = "MarkupSafe-2.1.5.tar.gz", hash = "sha256:d283d37a890ba4c1ae73ffadf8046435c76e7bc2247bbb63c00bd1a709c6544b"},
]

[[package]]
name = "mypy"
version = "1.10.0"
description = "Optional static typing for Python"
optional = false
python-versions = ">=3.8"
files = [
    {file = "mypy-1.10.0-cp310-cp310-macosx_10_9_x86_64.whl", hash = "sha256:da1cbf08fb3b851ab3b9523a884c232774008267b1f83371ace57f412fe308c2"},
    {file = "mypy-1.10.0-cp310-cp310-macosx_11_0_arm64.whl", hash = "sha256:12b6bfc1b1a66095ab413160a6e520e1dc076a28f3e22f7fb25ba3b000b4ef99"},
    {file = "mypy-1.10.0-cp310-cp310-manylinux_2_17_x86_64.manylinux2014_x86_64.whl", hash = "sha256:9e36fb078cce9904c7989b9693e41cb9711e0600139ce3970c6ef814b6ebc2b2"},
    {file = "mypy-1.10.0-cp310-cp310-musllinux_1_1_x86_64.whl", hash = "sha256:2b0695d605ddcd3eb2f736cd8b4e388288c21e7de85001e9f85df9187f2b50f9"},
    {file = "mypy-1.10.0-cp310-cp310-win_amd64.whl", hash = "sha256:cd777b780312ddb135bceb9bc8722a73ec95e042f911cc279e2ec3c667076051"},
    {file = "mypy-1.10.0-cp311-cp311-macosx_10_9_x86_64.whl", hash = "sha256:3be66771aa5c97602f382230165b856c231d1277c511c9a8dd058be4784472e1"},
    {file = "mypy-1.10.0-cp311-cp311-macosx_11_0_arm64.whl", hash = "sha256:8b2cbaca148d0754a54d44121b5825ae71868c7592a53b7292eeb0f3fdae95ee"},
    {file = "mypy-1.10.0-cp311-cp311-manylinux_2_17_x86_64.manylinux2014_x86_64.whl", hash = "sha256:1ec404a7cbe9fc0e92cb0e67f55ce0c025014e26d33e54d9e506a0f2d07fe5de"},
    {file = "mypy-1.10.0-cp311-cp311-musllinux_1_1_x86_64.whl", hash = "sha256:e22e1527dc3d4aa94311d246b59e47f6455b8729f4968765ac1eacf9a4760bc7"},
    {file = "mypy-1.10.0-cp311-cp311-win_amd64.whl", hash = "sha256:a87dbfa85971e8d59c9cc1fcf534efe664d8949e4c0b6b44e8ca548e746a8d53"},
    {file = "mypy-1.10.0-cp312-cp312-macosx_10_9_x86_64.whl", hash = "sha256:a781f6ad4bab20eef8b65174a57e5203f4be627b46291f4589879bf4e257b97b"},
    {file = "mypy-1.10.0-cp312-cp312-macosx_11_0_arm64.whl", hash = "sha256:b808e12113505b97d9023b0b5e0c0705a90571c6feefc6f215c1df9381256e30"},
    {file = "mypy-1.10.0-cp312-cp312-manylinux_2_17_x86_64.manylinux2014_x86_64.whl", hash = "sha256:8f55583b12156c399dce2df7d16f8a5095291354f1e839c252ec6c0611e86e2e"},
    {file = "mypy-1.10.0-cp312-cp312-musllinux_1_1_x86_64.whl", hash = "sha256:4cf18f9d0efa1b16478c4c129eabec36148032575391095f73cae2e722fcf9d5"},
    {file = "mypy-1.10.0-cp312-cp312-win_amd64.whl", hash = "sha256:bc6ac273b23c6b82da3bb25f4136c4fd42665f17f2cd850771cb600bdd2ebeda"},
    {file = "mypy-1.10.0-cp38-cp38-macosx_10_9_x86_64.whl", hash = "sha256:9fd50226364cd2737351c79807775136b0abe084433b55b2e29181a4c3c878c0"},
    {file = "mypy-1.10.0-cp38-cp38-macosx_11_0_arm64.whl", hash = "sha256:f90cff89eea89273727d8783fef5d4a934be2fdca11b47def50cf5d311aff727"},
    {file = "mypy-1.10.0-cp38-cp38-manylinux_2_17_x86_64.manylinux2014_x86_64.whl", hash = "sha256:fcfc70599efde5c67862a07a1aaf50e55bce629ace26bb19dc17cece5dd31ca4"},
    {file = "mypy-1.10.0-cp38-cp38-musllinux_1_1_x86_64.whl", hash = "sha256:075cbf81f3e134eadaf247de187bd604748171d6b79736fa9b6c9685b4083061"},
    {file = "mypy-1.10.0-cp38-cp38-win_amd64.whl", hash = "sha256:3f298531bca95ff615b6e9f2fc0333aae27fa48052903a0ac90215021cdcfa4f"},
    {file = "mypy-1.10.0-cp39-cp39-macosx_10_9_x86_64.whl", hash = "sha256:fa7ef5244615a2523b56c034becde4e9e3f9b034854c93639adb667ec9ec2976"},
    {file = "mypy-1.10.0-cp39-cp39-macosx_11_0_arm64.whl", hash = "sha256:3236a4c8f535a0631f85f5fcdffba71c7feeef76a6002fcba7c1a8e57c8be1ec"},
    {file = "mypy-1.10.0-cp39-cp39-manylinux_2_17_x86_64.manylinux2014_x86_64.whl", hash = "sha256:4a2b5cdbb5dd35aa08ea9114436e0d79aceb2f38e32c21684dcf8e24e1e92821"},
    {file = "mypy-1.10.0-cp39-cp39-musllinux_1_1_x86_64.whl", hash = "sha256:92f93b21c0fe73dc00abf91022234c79d793318b8a96faac147cd579c1671746"},
    {file = "mypy-1.10.0-cp39-cp39-win_amd64.whl", hash = "sha256:28d0e038361b45f099cc086d9dd99c15ff14d0188f44ac883010e172ce86c38a"},
    {file = "mypy-1.10.0-py3-none-any.whl", hash = "sha256:f8c083976eb530019175aabadb60921e73b4f45736760826aa1689dda8208aee"},
    {file = "mypy-1.10.0.tar.gz", hash = "sha256:3d087fcbec056c4ee34974da493a826ce316947485cef3901f511848e687c131"},
]

[package.dependencies]
mypy-extensions = ">=1.0.0"
typing-extensions = ">=4.1.0"

[package.extras]
dmypy = ["psutil (>=4.0)"]
install-types = ["pip"]
mypyc = ["setuptools (>=50)"]
reports = ["lxml"]

[[package]]
name = "mypy-extensions"
version = "1.0.0"
description = "Type system extensions for programs checked with the mypy type checker."
optional = false
python-versions = ">=3.5"
files = [
    {file = "mypy_extensions-1.0.0-py3-none-any.whl", hash = "sha256:4392f6c0eb8a5668a69e23d168ffa70f0be9ccfd32b5cc2d26a34ae5b844552d"},
    {file = "mypy_extensions-1.0.0.tar.gz", hash = "sha256:75dbf8955dc00442a438fc4d0666508a9a97b6bd41aa2f0ffe9d2f2725af0782"},
]

[[package]]
name = "natsort"
version = "8.4.0"
description = "Simple yet flexible natural sorting in Python."
optional = false
python-versions = ">=3.7"
files = [
    {file = "natsort-8.4.0-py3-none-any.whl", hash = "sha256:4732914fb471f56b5cce04d7bae6f164a592c7712e1c85f9ef585e197299521c"},
    {file = "natsort-8.4.0.tar.gz", hash = "sha256:45312c4a0e5507593da193dedd04abb1469253b601ecaf63445ad80f0a1ea581"},
]

[package.extras]
fast = ["fastnumbers (>=2.0.0)"]
icu = ["PyICU (>=1.0.0)"]

[[package]]
name = "ruff"
version = "0.4.9"
description = "An extremely fast Python linter and code formatter, written in Rust."
optional = false
python-versions = ">=3.7"
files = [
    {file = "ruff-0.4.9-py3-none-macosx_10_12_x86_64.whl", hash = "sha256:b262ed08d036ebe162123170b35703aaf9daffecb698cd367a8d585157732991"},
    {file = "ruff-0.4.9-py3-none-macosx_11_0_arm64.whl", hash = "sha256:98ec2775fd2d856dc405635e5ee4ff177920f2141b8e2d9eb5bd6efd50e80317"},
    {file = "ruff-0.4.9-py3-none-manylinux_2_17_aarch64.manylinux2014_aarch64.whl", hash = "sha256:4555056049d46d8a381f746680db1c46e67ac3b00d714606304077682832998e"},
    {file = "ruff-0.4.9-py3-none-manylinux_2_17_armv7l.manylinux2014_armv7l.whl", hash = "sha256:e91175fbe48f8a2174c9aad70438fe9cb0a5732c4159b2a10a3565fea2d94cde"},
    {file = "ruff-0.4.9-py3-none-manylinux_2_17_i686.manylinux2014_i686.whl", hash = "sha256:0e8e7b95673f22e0efd3571fb5b0cf71a5eaaa3cc8a776584f3b2cc878e46bff"},
    {file = "ruff-0.4.9-py3-none-manylinux_2_17_ppc64.manylinux2014_ppc64.whl", hash = "sha256:2d45ddc6d82e1190ea737341326ecbc9a61447ba331b0a8962869fcada758505"},
    {file = "ruff-0.4.9-py3-none-manylinux_2_17_ppc64le.manylinux2014_ppc64le.whl", hash = "sha256:78de3fdb95c4af084087628132336772b1c5044f6e710739d440fc0bccf4d321"},
    {file = "ruff-0.4.9-py3-none-manylinux_2_17_s390x.manylinux2014_s390x.whl", hash = "sha256:06b60f91bfa5514bb689b500a25ba48e897d18fea14dce14b48a0c40d1635893"},
    {file = "ruff-0.4.9-py3-none-manylinux_2_17_x86_64.manylinux2014_x86_64.whl", hash = "sha256:88bffe9c6a454bf8529f9ab9091c99490578a593cc9f9822b7fc065ee0712a06"},
    {file = "ruff-0.4.9-py3-none-musllinux_1_2_aarch64.whl", hash = "sha256:673bddb893f21ab47a8334c8e0ea7fd6598ecc8e698da75bcd12a7b9d0a3206e"},
    {file = "ruff-0.4.9-py3-none-musllinux_1_2_armv7l.whl", hash = "sha256:8c1aff58c31948cc66d0b22951aa19edb5af0a3af40c936340cd32a8b1ab7438"},
    {file = "ruff-0.4.9-py3-none-musllinux_1_2_i686.whl", hash = "sha256:784d3ec9bd6493c3b720a0b76f741e6c2d7d44f6b2be87f5eef1ae8cc1d54c84"},
    {file = "ruff-0.4.9-py3-none-musllinux_1_2_x86_64.whl", hash = "sha256:732dd550bfa5d85af8c3c6cbc47ba5b67c6aed8a89e2f011b908fc88f87649db"},
    {file = "ruff-0.4.9-py3-none-win32.whl", hash = "sha256:8064590fd1a50dcf4909c268b0e7c2498253273309ad3d97e4a752bb9df4f521"},
    {file = "ruff-0.4.9-py3-none-win_amd64.whl", hash = "sha256:e0a22c4157e53d006530c902107c7f550b9233e9706313ab57b892d7197d8e52"},
    {file = "ruff-0.4.9-py3-none-win_arm64.whl", hash = "sha256:5d5460f789ccf4efd43f265a58538a2c24dbce15dbf560676e430375f20a8198"},
    {file = "ruff-0.4.9.tar.gz", hash = "sha256:f1cb0828ac9533ba0135d148d214e284711ede33640465e706772645483427e3"},
]

[[package]]
name = "typeguard"
version = "4.3.0"
description = "Run-time type checker for Python"
optional = false
python-versions = ">=3.8"
files = [
    {file = "typeguard-4.3.0-py3-none-any.whl", hash = "sha256:4d24c5b39a117f8a895b9da7a9b3114f04eb63bade45a4492de49b175b6f7dfa"},
    {file = "typeguard-4.3.0.tar.gz", hash = "sha256:92ee6a0aec9135181eae6067ebd617fd9de8d75d714fb548728a4933b1dea651"},
]

[package.dependencies]
typing-extensions = ">=4.10.0"

[package.extras]
doc = ["Sphinx (>=7)", "packaging", "sphinx-autodoc-typehints (>=1.2.0)", "sphinx-rtd-theme (>=1.3.0)"]
test = ["coverage[toml] (>=7)", "mypy (>=1.2.0)", "pytest (>=7)"]

[[package]]
name = "typing-extensions"
version = "4.12.2"
description = "Backported and Experimental Type Hints for Python 3.8+"
optional = false
python-versions = ">=3.8"
files = [
    {file = "typing_extensions-4.12.2-py3-none-any.whl", hash = "sha256:04e5ca0351e0f3f85c6853954072df659d0d13fac324d0072316b67d7794700d"},
    {file = "typing_extensions-4.12.2.tar.gz", hash = "sha256:1a7ead55c7e559dd4dee8856e3a88b41225abfe1ce8df57b7c13915fe121ffb8"},
]

[[package]]
name = "uvloop"
version = "0.18.0"
description = "Fast implementation of asyncio event loop on top of libuv"
optional = false
python-versions = ">=3.7.0"
files = [
    {file = "uvloop-0.18.0-cp310-cp310-macosx_10_9_universal2.whl", hash = "sha256:1f354d669586fca96a9a688c585b6257706d216177ac457c92e15709acaece10"},
    {file = "uvloop-0.18.0-cp310-cp310-macosx_10_9_x86_64.whl", hash = "sha256:280904236a5b333a273292b3bcdcbfe173690f69901365b973fa35be302d7781"},
    {file = "uvloop-0.18.0-cp310-cp310-manylinux_2_17_aarch64.manylinux2014_aarch64.whl", hash = "sha256:ad79cd30c7e7484bdf6e315f3296f564b3ee2f453134a23ffc80d00e63b3b59e"},
    {file = "uvloop-0.18.0-cp310-cp310-manylinux_2_17_x86_64.manylinux2014_x86_64.whl", hash = "sha256:99deae0504547d04990cc5acf631d9f490108c3709479d90c1dcd14d6e7af24d"},
    {file = "uvloop-0.18.0-cp310-cp310-musllinux_1_1_aarch64.whl", hash = "sha256:edbb4de38535f42f020da1e3ae7c60f2f65402d027a08a8c60dc8569464873a6"},
    {file = "uvloop-0.18.0-cp310-cp310-musllinux_1_1_x86_64.whl", hash = "sha256:54b211c46facb466726b227f350792770fc96593c4ecdfaafe20dc00f3209aef"},
    {file = "uvloop-0.18.0-cp311-cp311-macosx_10_9_universal2.whl", hash = "sha256:25b714f07c68dcdaad6994414f6ec0f2a3b9565524fba181dcbfd7d9598a3e73"},
    {file = "uvloop-0.18.0-cp311-cp311-macosx_10_9_x86_64.whl", hash = "sha256:1121087dfeb46e9e65920b20d1f46322ba299b8d93f7cb61d76c94b5a1adc20c"},
    {file = "uvloop-0.18.0-cp311-cp311-manylinux_2_17_aarch64.manylinux2014_aarch64.whl", hash = "sha256:74020ef8061678e01a40c49f1716b4f4d1cc71190d40633f08a5ef8a7448a5c6"},
    {file = "uvloop-0.18.0-cp311-cp311-manylinux_2_17_x86_64.manylinux2014_x86_64.whl", hash = "sha256:1f4a549cd747e6f4f8446f4b4c8cb79504a8372d5d3a9b4fc20e25daf8e76c05"},
    {file = "uvloop-0.18.0-cp311-cp311-musllinux_1_1_aarch64.whl", hash = "sha256:6132318e1ab84a626639b252137aa8d031a6c0550250460644c32ed997604088"},
    {file = "uvloop-0.18.0-cp311-cp311-musllinux_1_1_x86_64.whl", hash = "sha256:585b7281f9ea25c4a5fa993b1acca4ad3d8bc3f3fe2e393f0ef51b6c1bcd2fe6"},
    {file = "uvloop-0.18.0-cp312-cp312-macosx_10_9_universal2.whl", hash = "sha256:61151cc207cf5fc88863e50de3d04f64ee0fdbb979d0b97caf21cae29130ed78"},
    {file = "uvloop-0.18.0-cp312-cp312-macosx_10_9_x86_64.whl", hash = "sha256:c65585ae03571b73907b8089473419d8c0aff1e3826b3bce153776de56cbc687"},
    {file = "uvloop-0.18.0-cp312-cp312-manylinux_2_17_aarch64.manylinux2014_aarch64.whl", hash = "sha256:e3d301e23984dcbc92d0e42253e0e0571915f0763f1eeaf68631348745f2dccc"},
    {file = "uvloop-0.18.0-cp312-cp312-manylinux_2_17_x86_64.manylinux2014_x86_64.whl", hash = "sha256:680da98f12a7587f76f6f639a8aa7708936a5d17c5e7db0bf9c9d9cbcb616593"},
    {file = "uvloop-0.18.0-cp312-cp312-musllinux_1_1_aarch64.whl", hash = "sha256:75baba0bfdd385c886804970ae03f0172e0d51e51ebd191e4df09b929771b71e"},
    {file = "uvloop-0.18.0-cp312-cp312-musllinux_1_1_x86_64.whl", hash = "sha256:ed3c28337d2fefc0bac5705b9c66b2702dc392f2e9a69badb1d606e7e7f773bb"},
    {file = "uvloop-0.18.0-cp37-cp37m-macosx_10_9_x86_64.whl", hash = "sha256:8849b8ef861431543c07112ad8436903e243cdfa783290cbee3df4ce86d8dd48"},
    {file = "uvloop-0.18.0-cp37-cp37m-manylinux_2_17_aarch64.manylinux2014_aarch64.whl", hash = "sha256:211ce38d84118ae282a91408f61b85cf28e2e65a0a8966b9a97e0e9d67c48722"},
    {file = "uvloop-0.18.0-cp37-cp37m-manylinux_2_17_x86_64.manylinux2014_x86_64.whl", hash = "sha256:b0a8f706b943c198dcedf1f2fb84899002c195c24745e47eeb8f2fb340f7dfc3"},
    {file = "uvloop-0.18.0-cp37-cp37m-musllinux_1_1_aarch64.whl", hash = "sha256:58e44650cbc8607a218caeece5a689f0a2d10be084a69fc32f7db2e8f364927c"},
    {file = "uvloop-0.18.0-cp37-cp37m-musllinux_1_1_x86_64.whl", hash = "sha256:2b8b7cf7806bdc745917f84d833f2144fabcc38e9cd854e6bc49755e3af2b53e"},
    {file = "uvloop-0.18.0-cp38-cp38-macosx_10_9_universal2.whl", hash = "sha256:56c1026a6b0d12b378425e16250acb7d453abaefe7a2f5977143898db6cfe5bd"},
    {file = "uvloop-0.18.0-cp38-cp38-macosx_10_9_x86_64.whl", hash = "sha256:12af0d2e1b16780051d27c12de7e419b9daeb3516c503ab3e98d364cc55303bb"},
    {file = "uvloop-0.18.0-cp38-cp38-manylinux_2_17_aarch64.manylinux2014_aarch64.whl", hash = "sha256:b028776faf9b7a6d0a325664f899e4c670b2ae430265189eb8d76bd4a57d8a6e"},
    {file = "uvloop-0.18.0-cp38-cp38-manylinux_2_17_x86_64.manylinux2014_x86_64.whl", hash = "sha256:53aca21735eee3859e8c11265445925911ffe410974f13304edb0447f9f58420"},
    {file = "uvloop-0.18.0-cp38-cp38-musllinux_1_1_aarch64.whl", hash = "sha256:847f2ed0887047c63da9ad788d54755579fa23f0784db7e752c7cf14cf2e7506"},
    {file = "uvloop-0.18.0-cp38-cp38-musllinux_1_1_x86_64.whl", hash = "sha256:6e20bb765fcac07879cd6767b6dca58127ba5a456149717e0e3b1f00d8eab51c"},
    {file = "uvloop-0.18.0-cp39-cp39-macosx_10_9_universal2.whl", hash = "sha256:e14de8800765b9916d051707f62e18a304cde661fa2b98a58816ca38d2b94029"},
    {file = "uvloop-0.18.0-cp39-cp39-macosx_10_9_x86_64.whl", hash = "sha256:f3b18663efe0012bc4c315f1b64020e44596f5fabc281f5b0d9bc9465288559c"},
    {file = "uvloop-0.18.0-cp39-cp39-manylinux_2_17_aarch64.manylinux2014_aarch64.whl", hash = "sha256:c6d341bc109fb8ea69025b3ec281fcb155d6824a8ebf5486c989ff7748351a37"},
    {file = "uvloop-0.18.0-cp39-cp39-manylinux_2_17_x86_64.manylinux2014_x86_64.whl", hash = "sha256:895a1e3aca2504638a802d0bec2759acc2f43a0291a1dff886d69f8b7baff399"},
    {file = "uvloop-0.18.0-cp39-cp39-musllinux_1_1_aarch64.whl", hash = "sha256:4d90858f32a852988d33987d608bcfba92a1874eb9f183995def59a34229f30d"},
    {file = "uvloop-0.18.0-cp39-cp39-musllinux_1_1_x86_64.whl", hash = "sha256:db1fcbad5deb9551e011ca589c5e7258b5afa78598174ac37a5f15ddcfb4ac7b"},
    {file = "uvloop-0.18.0.tar.gz", hash = "sha256:d5d1135beffe9cd95d0350f19e2716bc38be47d5df296d7cc46e3b7557c0d1ff"},
]

[package.extras]
docs = ["Sphinx (>=4.1.2,<4.2.0)", "sphinx-rtd-theme (>=0.5.2,<0.6.0)", "sphinxcontrib-asyncio (>=0.3.0,<0.4.0)"]
test = ["Cython (>=0.29.36,<0.30.0)", "aiohttp (==3.9.0b0)", "aiohttp (>=3.8.1)", "flake8 (>=5.0,<6.0)", "mypy (>=0.800)", "psutil", "pyOpenSSL (>=23.0.0,<23.1.0)", "pycodestyle (>=2.9.0,<2.10.0)"]

[metadata]
lock-version = "2.0"
python-versions = "^3.11"
content-hash = "a9fcdb1cc2fe26b97158e75c6843d1cffe891a4509a262af0e87e575a39644dc"
