# This file is automatically @generated by Poetry 1.8.3 and should not be changed by hand.

[[package]]
name = "asgiref"
version = "3.8.1"
description = "ASGI specs, helper code, and adapters"
optional = false
python-versions = ">=3.8"
files = [
    {file = "asgiref-3.8.1-py3-none-any.whl", hash = "sha256:3e1e3ecc849832fe52ccf2cb6686b7a55f82bb1d6aee72a58826471390335e47"},
    {file = "asgiref-3.8.1.tar.gz", hash = "sha256:c343bd80a0bec947a9860adb4c432ffa7db769836c64238fc34bdc3fec84d590"},
]

[package.extras]
tests = ["mypy (>=0.800)", "pytest", "pytest-asyncio"]

[[package]]
name = "click"
version = "8.1.7"
description = "Composable command line interface toolkit"
optional = false
python-versions = ">=3.7"
files = [
    {file = "click-8.1.7-py3-none-any.whl", hash = "sha256:ae74fb96c20a0277a1d615f1e4d73c8414f5a98db8b799a7931d1582f3390c28"},
    {file = "click-8.1.7.tar.gz", hash = "sha256:ca9853ad459e787e2192211578cc907e7594e294c7ccc834310722b41b9ca6de"},
]

[package.dependencies]
colorama = {version = "*", markers = "platform_system == \"Windows\""}

[[package]]
name = "colorama"
version = "0.4.6"
description = "Cross-platform colored terminal text."
optional = false
python-versions = "!=3.0.*,!=3.1.*,!=3.2.*,!=3.3.*,!=3.4.*,!=3.5.*,!=3.6.*,>=2.7"
files = [
    {file = "colorama-0.4.6-py2.py3-none-any.whl", hash = "sha256:4f1d9991f5acc0ca119f9d443620b77f9d6b33703e51011c16baf57afb285fc6"},
    {file = "colorama-0.4.6.tar.gz", hash = "sha256:08695f5cb7ed6e0531a20572697297273c47b8cae5a63ffc6d6ed5c201be6e44"},
]

[[package]]
name = "granian"
version = "1.4.2"
description = "A Rust HTTP server for Python applications"
optional = false
python-versions = ">=3.8"
files = [
    {file = "granian-1.4.2-cp310-cp310-macosx_10_12_x86_64.whl", hash = "sha256:3c38d9515c354e9cfd439880cc458293fd37d3724d9b0ca0d99c97f3fdc4d07c"},
    {file = "granian-1.4.2-cp310-cp310-macosx_11_0_arm64.whl", hash = "sha256:24f7b47b77b54265d5e032104ddfa5d6ac9491a242d2774decebb57f84054cbb"},
    {file = "granian-1.4.2-cp310-cp310-manylinux_2_17_aarch64.manylinux2014_aarch64.whl", hash = "sha256:db97cc6244ce6fbb2f970d29cac9cf21215de57678f4eb87824dc4a96afbd9ca"},
    {file = "granian-1.4.2-cp310-cp310-manylinux_2_17_x86_64.manylinux2014_x86_64.whl", hash = "sha256:4b2ee3452706ea3a09df0010f06564a52ac7cba8a93d0dfc66d40ad6ceca2936"},
    {file = "granian-1.4.2-cp310-cp310-musllinux_1_1_aarch64.whl", hash = "sha256:9e4531eae8cf54bc1eb9caedb5ff52fa3104e88ff2ff7a23a9298bb4853c5fc8"},
    {file = "granian-1.4.2-cp310-cp310-musllinux_1_1_x86_64.whl", hash = "sha256:b741bf880975f9dfafa89f46276b498d4559d49089245087be024e1af3a15db4"},
    {file = "granian-1.4.2-cp310-none-win_amd64.whl", hash = "sha256:7f17267296a451cd0084f77a273e9d9c4e74c2d80006082227ae383cd2df706e"},
    {file = "granian-1.4.2-cp311-cp311-macosx_10_12_x86_64.whl", hash = "sha256:ce30397b84f49a1682ed6221c76db7e91c8c2e6b795a2fab962552cb3154f734"},
    {file = "granian-1.4.2-cp311-cp311-macosx_11_0_arm64.whl", hash = "sha256:2c4daf4d8cb8001585967239478d38af2b5a8ed57fbefae1010fa1b0685443db"},
    {file = "granian-1.4.2-cp311-cp311-manylinux_2_17_aarch64.manylinux2014_aarch64.whl", hash = "sha256:bf0a2be582ae40af97acaf315fd87852524b384d768aef48eec49e86e0ab6804"},
    {file = "granian-1.4.2-cp311-cp311-manylinux_2_17_x86_64.manylinux2014_x86_64.whl", hash = "sha256:07c261edf1218bd812f47210764df451c3d094231317eadc447fb7184cee0a42"},
    {file = "granian-1.4.2-cp311-cp311-musllinux_1_1_aarch64.whl", hash = "sha256:75ea2866868a12fde2ba17dd0a3c141d922ee9ec536ee8ef3128cd977eea0402"},
    {file = "granian-1.4.2-cp311-cp311-musllinux_1_1_x86_64.whl", hash = "sha256:434fd0fda32eec1fddb53572cdc49fbb02cc33fb2232938f182de116df1806c4"},
    {file = "granian-1.4.2-cp311-none-win_amd64.whl", hash = "sha256:15eb3456e685d7020d1cd855d5420c1dc4f1131ba4ee17ce7f2e226308aa441f"},
    {file = "granian-1.4.2-cp312-cp312-macosx_10_12_x86_64.whl", hash = "sha256:3e40e01fd22f664597cc6a0c3a5958953cffb4554e7e3a053862240b39fd205d"},
    {file = "granian-1.4.2-cp312-cp312-macosx_11_0_arm64.whl", hash = "sha256:abec05894faa21a98123efa517c401e809b52ffc97fdf5837d17ed8e253b9eed"},
    {file = "granian-1.4.2-cp312-cp312-manylinux_2_17_aarch64.manylinux2014_aarch64.whl", hash = "sha256:1291e441b6d727c91f9f41af40d479f6013932ad0ec31ccba6789753dc4806f7"},
    {file = "granian-1.4.2-cp312-cp312-manylinux_2_17_x86_64.manylinux2014_x86_64.whl", hash = "sha256:18d173e49063d559c6a509f34f148102605da52fb582f59b9543b8b60d54e092"},
    {file = "granian-1.4.2-cp312-cp312-musllinux_1_1_aarch64.whl", hash = "sha256:ad596954a608f7c2cc9dab9906a7ddc8f6902c5cd902c56878d26693fb2a7db4"},
    {file = "granian-1.4.2-cp312-cp312-musllinux_1_1_x86_64.whl", hash = "sha256:bdb5067bea0cafb3086e7db35c6cddbb62c2545e9c6bb2537e1e9cc5c7b5cc01"},
    {file = "granian-1.4.2-cp312-none-win_amd64.whl", hash = "sha256:a6fe73ab2b2caf21851ae5325106e428c512699981d681222b5f0115005d9712"},
    {file = "granian-1.4.2-cp38-cp38-macosx_10_12_x86_64.whl", hash = "sha256:2ee168644f26bca80b2ae876c26cb0556f4055f5c51c839181a9fdc50dd6a387"},
    {file = "granian-1.4.2-cp38-cp38-macosx_11_0_arm64.whl", hash = "sha256:2133b3899a53497e966c8fb35b6b9c0417f5127da26327bad5b48d578fa721f8"},
    {file = "granian-1.4.2-cp38-cp38-manylinux_2_17_aarch64.manylinux2014_aarch64.whl", hash = "sha256:03f8f244ba7dabfe8b5b94727249d3e030e72dd269cbbafde52e0be4671582e4"},
    {file = "granian-1.4.2-cp38-cp38-manylinux_2_17_x86_64.manylinux2014_x86_64.whl", hash = "sha256:533a3211657060d6ff1599e749edc15bd841f853bc6336b5df3b31064c0c3085"},
    {file = "granian-1.4.2-cp38-cp38-musllinux_1_1_aarch64.whl", hash = "sha256:d360213759412aa68cc13c0ba65bed69114fb3e9b73bbf1121e28fe7dfcb727a"},
    {file = "granian-1.4.2-cp38-cp38-musllinux_1_1_x86_64.whl", hash = "sha256:0c94fe0f1f2d25c107ed7a6572c812ac518f035982e8b8cb8f1da514b30e7a09"},
    {file = "granian-1.4.2-cp38-none-win_amd64.whl", hash = "sha256:1149fb4b86a1412f9641a7c2c7a1bb580ada13a0a19fcf5ee4411f4c1b134620"},
    {file = "granian-1.4.2-cp39-cp39-macosx_10_12_x86_64.whl", hash = "sha256:4097d479410ad483782dc93f26825117db00c209d1bbb883504f6072b05effcd"},
    {file = "granian-1.4.2-cp39-cp39-macosx_11_0_arm64.whl", hash = "sha256:ff9f1132619da56d9a83ff3011f2d882fc5ebfe38f2fbca62cae19947a635732"},
    {file = "granian-1.4.2-cp39-cp39-manylinux_2_17_aarch64.manylinux2014_aarch64.whl", hash = "sha256:ed75048099f8a5c67fe630bfa6314f0162dad44f28e6931900f3454cec95b275"},
    {file = "granian-1.4.2-cp39-cp39-manylinux_2_17_x86_64.manylinux2014_x86_64.whl", hash = "sha256:01c30a5b1224f221d397bd468997a0b316ce746fb06d8405d43472390af2ea26"},
    {file = "granian-1.4.2-cp39-cp39-musllinux_1_1_aarch64.whl", hash = "sha256:ce16ebf7f6ac4c38eefa766f719cd54062731f1590800621deea2447b0a13614"},
    {file = "granian-1.4.2-cp39-cp39-musllinux_1_1_x86_64.whl", hash = "sha256:18095f8952a6dbb55c02f47c472af7f90b3cc45bef4302a95803e7f056bc228d"},
    {file = "granian-1.4.2-cp39-none-win_amd64.whl", hash = "sha256:033ec86b61761fad0604455bb85d505d688c764e8c957ac52a92100d86bf9c44"},
    {file = "granian-1.4.2-pp310-pypy310_pp73-macosx_10_12_x86_64.whl", hash = "sha256:20c8c2774c1f678b2ebf4ef9103f4ef9b650cf48e7ad58409ba651569785e500"},
    {file = "granian-1.4.2-pp310-pypy310_pp73-macosx_11_0_arm64.whl", hash = "sha256:5f097390692598e2c9847b2b7add890648793065420c0a5e077dfb12af831c8d"},
    {file = "granian-1.4.2-pp310-pypy310_pp73-manylinux_2_17_aarch64.manylinux2014_aarch64.whl", hash = "sha256:16fcb58e3625b0e13b5ff953de1cb3ab8ead46defc13ffad0fe142a011f688bd"},
    {file = "granian-1.4.2-pp310-pypy310_pp73-manylinux_2_17_x86_64.manylinux2014_x86_64.whl", hash = "sha256:eeb20294c5ec7bed12db10396e6014a40fd8f2ae9c18fcdb041868e0b913bec3"},
    {file = "granian-1.4.2-pp310-pypy310_pp73-musllinux_1_1_aarch64.whl", hash = "sha256:c998c2c60179e58594ed363c2f275f39dc8c4bf63092ff8ea4ee8c2b63f40ae6"},
    {file = "granian-1.4.2-pp310-pypy310_pp73-musllinux_1_1_x86_64.whl", hash = "sha256:5b70f204bce5dc1f15ae93bb8f84d9cda52ac7e54e84124575def85861a5ed25"},
    {file = "granian-1.4.2-pp310-pypy310_pp73-win_amd64.whl", hash = "sha256:bcf0d5a88dc6787e5164d1cae0ff9caf5e546e8e3c0e87a72266f34233a95886"},
    {file = "granian-1.4.2-pp38-pypy38_pp73-macosx_10_12_x86_64.whl", hash = "sha256:038fb6ddd90d722339ed99f60b5d6c2d5c1e36d1021c199dba7fa41c37e48271"},
    {file = "granian-1.4.2-pp38-pypy38_pp73-macosx_11_0_arm64.whl", hash = "sha256:77d00ace994f8b6f3ff3fdcbfde31616a6b411101eb06018ea9215bb2ffcda88"},
    {file = "granian-1.4.2-pp38-pypy38_pp73-manylinux_2_17_aarch64.manylinux2014_aarch64.whl", hash = "sha256:c952770a7392abe8a04e7e57573cde3cc6d174e73f01574e68b25c10428292c0"},
    {file = "granian-1.4.2-pp38-pypy38_pp73-manylinux_2_17_x86_64.manylinux2014_x86_64.whl", hash = "sha256:db1a8bd5951739d49deb0fd9ba68d285c3c1d01fbe9b83696ec2b92cffdedb70"},
    {file = "granian-1.4.2-pp38-pypy38_pp73-musllinux_1_1_aarch64.whl", hash = "sha256:1b0d6ebd5a71f1d94d0345bb3daf6ce1fa4c3e9847a04ecb67596ce89ff75fcc"},
    {file = "granian-1.4.2-pp38-pypy38_pp73-musllinux_1_1_x86_64.whl", hash = "sha256:9f22674a9fa18f3d35223b1d4811e8809c6ad3801de8b665e43d0ead7a4824d1"},
    {file = "granian-1.4.2-pp38-pypy38_pp73-win_amd64.whl", hash = "sha256:d5dce5ff5bcd17aa30fd3f78751bcf30d65316895295e6f0cc66dd8325b23201"},
    {file = "granian-1.4.2-pp39-pypy39_pp73-macosx_10_12_x86_64.whl", hash = "sha256:2b8b3f2a7bfd6b1567d40470907ffcaa0cf04cf0dbb26a4cb1719d9f1bf0ff60"},
    {file = "granian-1.4.2-pp39-pypy39_pp73-macosx_11_0_arm64.whl", hash = "sha256:cd4c8175a13ffb9eb8c8174ff02fdb1295d025a012869eb6a94801d28924407e"},
    {file = "granian-1.4.2-pp39-pypy39_pp73-manylinux_2_17_aarch64.manylinux2014_aarch64.whl", hash = "sha256:899f5be6eeca6b948237bef82b1359e71f1259805b5a35b12b185746e8cb3603"},
    {file = "granian-1.4.2-pp39-pypy39_pp73-manylinux_2_17_x86_64.manylinux2014_x86_64.whl", hash = "sha256:9d1e15f16107a7d17f68196faf64cd4ee0826568f08579398bf2e8a62712b04b"},
    {file = "granian-1.4.2-pp39-pypy39_pp73-musllinux_1_1_aarch64.whl", hash = "sha256:3401b78e1a7f3d499eca2c45e251f667a646876ba758e72224fd499833792ea9"},
    {file = "granian-1.4.2-pp39-pypy39_pp73-musllinux_1_1_x86_64.whl", hash = "sha256:9874f5c27f470d641bd08008341b9679e44100627e9de42fc76f59c7baf0f292"},
    {file = "granian-1.4.2-pp39-pypy39_pp73-win_amd64.whl", hash = "sha256:2d79b3a26da9e72f630010e99672c50cb2c98650861ee19f57853627c1108bbf"},
    {file = "granian-1.4.2.tar.gz", hash = "sha256:b0bd5feed099f9e109533c3365f22a33ea934b3d2c7d40df6839a72058fef7dc"},
]

[package.dependencies]
click = ">=8.0.0"
uvloop = {version = ">=0.18.0,<0.19.0", markers = "sys_platform != \"win32\" and platform_python_implementation == \"CPython\""}

[package.extras]
all = ["granian[pname,reload]"]
dev = ["granian[all,lint,test]"]
lint = ["ruff (>=0.1.0,<0.2.0)"]
pname = ["setproctitle (>=1.3.3,<1.4.0)"]
reload = ["watchfiles (>=0.21,<1.0)"]
test = ["httpx (>=0.25.0,<0.26.0)", "pytest (>=7.4.2,<7.5.0)", "pytest-asyncio (>=0.21.1,<0.22.0)", "websockets (>=11.0,<12.0)"]

[[package]]
name = "intention"
version = "0.1.0"
description = ""
optional = false
python-versions = "^3.11"
files = []
develop = true

[package.dependencies]
asgiref = "^3.8.1"
granian = "^1.4.1"
jinja2 = "^3.1.4"

[package.source]
type = "directory"
url = "../intention"

[[package]]
name = "jinja2"
version = "3.1.4"
description = "A very fast and expressive template engine."
optional = false
python-versions = ">=3.7"
files = [
    {file = "jinja2-3.1.4-py3-none-any.whl", hash = "sha256:bc5dd2abb727a5319567b7a813e6a2e7318c39f4f487cfe6c89c6f9c7d25197d"},
    {file = "jinja2-3.1.4.tar.gz", hash = "sha256:4a3aee7acbbe7303aede8e9648d13b8bf88a429282aa6122a993f0ac800cb369"},
]

[package.dependencies]
MarkupSafe = ">=2.0"

[package.extras]
i18n = ["Babel (>=2.7)"]

[[package]]
name = "markupsafe"
version = "2.1.5"
description = "Safely add untrusted strings to HTML/XML markup."
optional = false
python-versions = ">=3.7"
files = [
    {file = "MarkupSafe-2.1.5-cp310-cp310-macosx_10_9_universal2.whl", hash = "sha256:a17a92de5231666cfbe003f0e4b9b3a7ae3afb1ec2845aadc2bacc93ff85febc"},
    {file = "MarkupSafe-2.1.5-cp310-cp310-macosx_10_9_x86_64.whl", hash = "sha256:72b6be590cc35924b02c78ef34b467da4ba07e4e0f0454a2c5907f473fc50ce5"},
    {file = "MarkupSafe-2.1.5-cp310-cp310-manylinux_2_17_aarch64.manylinux2014_aarch64.whl", hash = "sha256:e61659ba32cf2cf1481e575d0462554625196a1f2fc06a1c777d3f48e8865d46"},
    {file = "MarkupSafe-2.1.5-cp310-cp310-manylinux_2_17_x86_64.manylinux2014_x86_64.whl", hash = "sha256:2174c595a0d73a3080ca3257b40096db99799265e1c27cc5a610743acd86d62f"},
    {file = "MarkupSafe-2.1.5-cp310-cp310-manylinux_2_5_i686.manylinux1_i686.manylinux_2_17_i686.manylinux2014_i686.whl", hash = "sha256:ae2ad8ae6ebee9d2d94b17fb62763125f3f374c25618198f40cbb8b525411900"},
    {file = "MarkupSafe-2.1.5-cp310-cp310-musllinux_1_1_aarch64.whl", hash = "sha256:075202fa5b72c86ad32dc7d0b56024ebdbcf2048c0ba09f1cde31bfdd57bcfff"},
    {file = "MarkupSafe-2.1.5-cp310-cp310-musllinux_1_1_i686.whl", hash = "sha256:598e3276b64aff0e7b3451b72e94fa3c238d452e7ddcd893c3ab324717456bad"},
    {file = "MarkupSafe-2.1.5-cp310-cp310-musllinux_1_1_x86_64.whl", hash = "sha256:fce659a462a1be54d2ffcacea5e3ba2d74daa74f30f5f143fe0c58636e355fdd"},
    {file = "MarkupSafe-2.1.5-cp310-cp310-win32.whl", hash = "sha256:d9fad5155d72433c921b782e58892377c44bd6252b5af2f67f16b194987338a4"},
    {file = "MarkupSafe-2.1.5-cp310-cp310-win_amd64.whl", hash = "sha256:bf50cd79a75d181c9181df03572cdce0fbb75cc353bc350712073108cba98de5"},
    {file = "MarkupSafe-2.1.5-cp311-cp311-macosx_10_9_universal2.whl", hash = "sha256:629ddd2ca402ae6dbedfceeba9c46d5f7b2a61d9749597d4307f943ef198fc1f"},
    {file = "MarkupSafe-2.1.5-cp311-cp311-macosx_10_9_x86_64.whl", hash = "sha256:5b7b716f97b52c5a14bffdf688f971b2d5ef4029127f1ad7a513973cfd818df2"},
    {file = "MarkupSafe-2.1.5-cp311-cp311-manylinux_2_17_aarch64.manylinux2014_aarch64.whl", hash = "sha256:6ec585f69cec0aa07d945b20805be741395e28ac1627333b1c5b0105962ffced"},
    {file = "MarkupSafe-2.1.5-cp311-cp311-manylinux_2_17_x86_64.manylinux2014_x86_64.whl", hash = "sha256:b91c037585eba9095565a3556f611e3cbfaa42ca1e865f7b8015fe5c7336d5a5"},
    {file = "MarkupSafe-2.1.5-cp311-cp311-manylinux_2_5_i686.manylinux1_i686.manylinux_2_17_i686.manylinux2014_i686.whl", hash = "sha256:7502934a33b54030eaf1194c21c692a534196063db72176b0c4028e140f8f32c"},
    {file = "MarkupSafe-2.1.5-cp311-cp311-musllinux_1_1_aarch64.whl", hash = "sha256:0e397ac966fdf721b2c528cf028494e86172b4feba51d65f81ffd65c63798f3f"},
    {file = "MarkupSafe-2.1.5-cp311-cp311-musllinux_1_1_i686.whl", hash = "sha256:c061bb86a71b42465156a3ee7bd58c8c2ceacdbeb95d05a99893e08b8467359a"},
    {file = "MarkupSafe-2.1.5-cp311-cp311-musllinux_1_1_x86_64.whl", hash = "sha256:3a57fdd7ce31c7ff06cdfbf31dafa96cc533c21e443d57f5b1ecc6cdc668ec7f"},
    {file = "MarkupSafe-2.1.5-cp311-cp311-win32.whl", hash = "sha256:397081c1a0bfb5124355710fe79478cdbeb39626492b15d399526ae53422b906"},
    {file = "MarkupSafe-2.1.5-cp311-cp311-win_amd64.whl", hash = "sha256:2b7c57a4dfc4f16f7142221afe5ba4e093e09e728ca65c51f5620c9aaeb9a617"},
    {file = "MarkupSafe-2.1.5-cp312-cp312-macosx_10_9_universal2.whl", hash = "sha256:8dec4936e9c3100156f8a2dc89c4b88d5c435175ff03413b443469c7c8c5f4d1"},
    {file = "MarkupSafe-2.1.5-cp312-cp312-macosx_10_9_x86_64.whl", hash = "sha256:3c6b973f22eb18a789b1460b4b91bf04ae3f0c4234a0a6aa6b0a92f6f7b951d4"},
    {file = "MarkupSafe-2.1.5-cp312-cp312-manylinux_2_17_aarch64.manylinux2014_aarch64.whl", hash = "sha256:ac07bad82163452a6884fe8fa0963fb98c2346ba78d779ec06bd7a6262132aee"},
    {file = "MarkupSafe-2.1.5-cp312-cp312-manylinux_2_17_x86_64.manylinux2014_x86_64.whl", hash = "sha256:f5dfb42c4604dddc8e4305050aa6deb084540643ed5804d7455b5df8fe16f5e5"},
    {file = "MarkupSafe-2.1.5-cp312-cp312-manylinux_2_5_i686.manylinux1_i686.manylinux_2_17_i686.manylinux2014_i686.whl", hash = "sha256:ea3d8a3d18833cf4304cd2fc9cbb1efe188ca9b5efef2bdac7adc20594a0e46b"},
    {file = "MarkupSafe-2.1.5-cp312-cp312-musllinux_1_1_aarch64.whl", hash = "sha256:d050b3361367a06d752db6ead6e7edeb0009be66bc3bae0ee9d97fb326badc2a"},
    {file = "MarkupSafe-2.1.5-cp312-cp312-musllinux_1_1_i686.whl", hash = "sha256:bec0a414d016ac1a18862a519e54b2fd0fc8bbfd6890376898a6c0891dd82e9f"},
    {file = "MarkupSafe-2.1.5-cp312-cp312-musllinux_1_1_x86_64.whl", hash = "sha256:58c98fee265677f63a4385256a6d7683ab1832f3ddd1e66fe948d5880c21a169"},
    {file = "MarkupSafe-2.1.5-cp312-cp312-win32.whl", hash = "sha256:8590b4ae07a35970728874632fed7bd57b26b0102df2d2b233b6d9d82f6c62ad"},
    {file = "MarkupSafe-2.1.5-cp312-cp312-win_amd64.whl", hash = "sha256:823b65d8706e32ad2df51ed89496147a42a2a6e01c13cfb6ffb8b1e92bc910bb"},
    {file = "MarkupSafe-2.1.5-cp37-cp37m-macosx_10_9_x86_64.whl", hash = "sha256:c8b29db45f8fe46ad280a7294f5c3ec36dbac9491f2d1c17345be8e69cc5928f"},
    {file = "MarkupSafe-2.1.5-cp37-cp37m-manylinux_2_17_aarch64.manylinux2014_aarch64.whl", hash = "sha256:ec6a563cff360b50eed26f13adc43e61bc0c04d94b8be985e6fb24b81f6dcfdf"},
    {file = "MarkupSafe-2.1.5-cp37-cp37m-manylinux_2_17_x86_64.manylinux2014_x86_64.whl", hash = "sha256:a549b9c31bec33820e885335b451286e2969a2d9e24879f83fe904a5ce59d70a"},
    {file = "MarkupSafe-2.1.5-cp37-cp37m-manylinux_2_5_i686.manylinux1_i686.manylinux_2_17_i686.manylinux2014_i686.whl", hash = "sha256:4f11aa001c540f62c6166c7726f71f7573b52c68c31f014c25cc7901deea0b52"},
    {file = "MarkupSafe-2.1.5-cp37-cp37m-musllinux_1_1_aarch64.whl", hash = "sha256:7b2e5a267c855eea6b4283940daa6e88a285f5f2a67f2220203786dfa59b37e9"},
    {file = "MarkupSafe-2.1.5-cp37-cp37m-musllinux_1_1_i686.whl", hash = "sha256:2d2d793e36e230fd32babe143b04cec8a8b3eb8a3122d2aceb4a371e6b09b8df"},
    {file = "MarkupSafe-2.1.5-cp37-cp37m-musllinux_1_1_x86_64.whl", hash = "sha256:ce409136744f6521e39fd8e2a24c53fa18ad67aa5bc7c2cf83645cce5b5c4e50"},
    {file = "MarkupSafe-2.1.5-cp37-cp37m-win32.whl", hash = "sha256:4096e9de5c6fdf43fb4f04c26fb114f61ef0bf2e5604b6ee3019d51b69e8c371"},
    {file = "MarkupSafe-2.1.5-cp37-cp37m-win_amd64.whl", hash = "sha256:4275d846e41ecefa46e2015117a9f491e57a71ddd59bbead77e904dc02b1bed2"},
    {file = "MarkupSafe-2.1.5-cp38-cp38-macosx_10_9_universal2.whl", hash = "sha256:656f7526c69fac7f600bd1f400991cc282b417d17539a1b228617081106feb4a"},
    {file = "MarkupSafe-2.1.5-cp38-cp38-macosx_10_9_x86_64.whl", hash = "sha256:97cafb1f3cbcd3fd2b6fbfb99ae11cdb14deea0736fc2b0952ee177f2b813a46"},
    {file = "MarkupSafe-2.1.5-cp38-cp38-manylinux_2_17_aarch64.manylinux2014_aarch64.whl", hash = "sha256:1f3fbcb7ef1f16e48246f704ab79d79da8a46891e2da03f8783a5b6fa41a9532"},
    {file = "MarkupSafe-2.1.5-cp38-cp38-manylinux_2_17_x86_64.manylinux2014_x86_64.whl", hash = "sha256:fa9db3f79de01457b03d4f01b34cf91bc0048eb2c3846ff26f66687c2f6d16ab"},
    {file = "MarkupSafe-2.1.5-cp38-cp38-manylinux_2_5_i686.manylinux1_i686.manylinux_2_17_i686.manylinux2014_i686.whl", hash = "sha256:ffee1f21e5ef0d712f9033568f8344d5da8cc2869dbd08d87c84656e6a2d2f68"},
    {file = "MarkupSafe-2.1.5-cp38-cp38-musllinux_1_1_aarch64.whl", hash = "sha256:5dedb4db619ba5a2787a94d877bc8ffc0566f92a01c0ef214865e54ecc9ee5e0"},
    {file = "MarkupSafe-2.1.5-cp38-cp38-musllinux_1_1_i686.whl", hash = "sha256:30b600cf0a7ac9234b2638fbc0fb6158ba5bdcdf46aeb631ead21248b9affbc4"},
    {file = "MarkupSafe-2.1.5-cp38-cp38-musllinux_1_1_x86_64.whl", hash = "sha256:8dd717634f5a044f860435c1d8c16a270ddf0ef8588d4887037c5028b859b0c3"},
    {file = "MarkupSafe-2.1.5-cp38-cp38-win32.whl", hash = "sha256:daa4ee5a243f0f20d528d939d06670a298dd39b1ad5f8a72a4275124a7819eff"},
    {file = "MarkupSafe-2.1.5-cp38-cp38-win_amd64.whl", hash = "sha256:619bc166c4f2de5caa5a633b8b7326fbe98e0ccbfacabd87268a2b15ff73a029"},
    {file = "MarkupSafe-2.1.5-cp39-cp39-macosx_10_9_universal2.whl", hash = "sha256:7a68b554d356a91cce1236aa7682dc01df0edba8d043fd1ce607c49dd3c1edcf"},
    {file = "MarkupSafe-2.1.5-cp39-cp39-macosx_10_9_x86_64.whl", hash = "sha256:db0b55e0f3cc0be60c1f19efdde9a637c32740486004f20d1cff53c3c0ece4d2"},
    {file = "MarkupSafe-2.1.5-cp39-cp39-manylinux_2_17_aarch64.manylinux2014_aarch64.whl", hash = "sha256:3e53af139f8579a6d5f7b76549125f0d94d7e630761a2111bc431fd820e163b8"},
    {file = "MarkupSafe-2.1.5-cp39-cp39-manylinux_2_17_x86_64.manylinux2014_x86_64.whl", hash = "sha256:17b950fccb810b3293638215058e432159d2b71005c74371d784862b7e4683f3"},
    {file = "MarkupSafe-2.1.5-cp39-cp39-manylinux_2_5_i686.manylinux1_i686.manylinux_2_17_i686.manylinux2014_i686.whl", hash = "sha256:4c31f53cdae6ecfa91a77820e8b151dba54ab528ba65dfd235c80b086d68a465"},
    {file = "MarkupSafe-2.1.5-cp39-cp39-musllinux_1_1_aarch64.whl", hash = "sha256:bff1b4290a66b490a2f4719358c0cdcd9bafb6b8f061e45c7a2460866bf50c2e"},
    {file = "MarkupSafe-2.1.5-cp39-cp39-musllinux_1_1_i686.whl", hash = "sha256:bc1667f8b83f48511b94671e0e441401371dfd0f0a795c7daa4a3cd1dde55bea"},
    {file = "MarkupSafe-2.1.5-cp39-cp39-musllinux_1_1_x86_64.whl", hash = "sha256:5049256f536511ee3f7e1b3f87d1d1209d327e818e6ae1365e8653d7e3abb6a6"},
    {file = "MarkupSafe-2.1.5-cp39-cp39-win32.whl", hash = "sha256:00e046b6dd71aa03a41079792f8473dc494d564611a8f89bbbd7cb93295ebdcf"},
    {file = "MarkupSafe-2.1.5-cp39-cp39-win_amd64.whl", hash = "sha256:fa173ec60341d6bb97a89f5ea19c85c5643c1e7dedebc22f5181eb73573142c5"},
    {file = "MarkupSafe-2.1.5.tar.gz", hash = "sha256:d283d37a890ba4c1ae73ffadf8046435c76e7bc2247bbb63c00bd1a709c6544b"},
]

[[package]]
name = "ruff"
version = "0.4.8"
description = "An extremely fast Python linter and code formatter, written in Rust."
optional = false
python-versions = ">=3.7"
files = [
    {file = "ruff-0.4.8-py3-none-macosx_10_12_x86_64.whl", hash = "sha256:7663a6d78f6adb0eab270fa9cf1ff2d28618ca3a652b60f2a234d92b9ec89066"},
    {file = "ruff-0.4.8-py3-none-macosx_11_0_arm64.whl", hash = "sha256:eeceb78da8afb6de0ddada93112869852d04f1cd0f6b80fe464fd4e35c330913"},
    {file = "ruff-0.4.8-py3-none-manylinux_2_17_aarch64.manylinux2014_aarch64.whl", hash = "sha256:aad360893e92486662ef3be0a339c5ca3c1b109e0134fcd37d534d4be9fb8de3"},
    {file = "ruff-0.4.8-py3-none-manylinux_2_17_armv7l.manylinux2014_armv7l.whl", hash = "sha256:284c2e3f3396fb05f5f803c9fffb53ebbe09a3ebe7dda2929ed8d73ded736deb"},
    {file = "ruff-0.4.8-py3-none-manylinux_2_17_i686.manylinux2014_i686.whl", hash = "sha256:a7354f921e3fbe04d2a62d46707e569f9315e1a613307f7311a935743c51a764"},
    {file = "ruff-0.4.8-py3-none-manylinux_2_17_ppc64.manylinux2014_ppc64.whl", hash = "sha256:72584676164e15a68a15778fd1b17c28a519e7a0622161eb2debdcdabdc71883"},
    {file = "ruff-0.4.8-py3-none-manylinux_2_17_ppc64le.manylinux2014_ppc64le.whl", hash = "sha256:9678d5c9b43315f323af2233a04d747409d1e3aa6789620083a82d1066a35199"},
    {file = "ruff-0.4.8-py3-none-manylinux_2_17_s390x.manylinux2014_s390x.whl", hash = "sha256:704977a658131651a22b5ebeb28b717ef42ac6ee3b11e91dc87b633b5d83142b"},
    {file = "ruff-0.4.8-py3-none-manylinux_2_17_x86_64.manylinux2014_x86_64.whl", hash = "sha256:d05f8d6f0c3cce5026cecd83b7a143dcad503045857bc49662f736437380ad45"},
    {file = "ruff-0.4.8-py3-none-musllinux_1_2_aarch64.whl", hash = "sha256:6ea874950daca5697309d976c9afba830d3bf0ed66887481d6bca1673fc5b66a"},
    {file = "ruff-0.4.8-py3-none-musllinux_1_2_armv7l.whl", hash = "sha256:fc95aac2943ddf360376be9aa3107c8cf9640083940a8c5bd824be692d2216dc"},
    {file = "ruff-0.4.8-py3-none-musllinux_1_2_i686.whl", hash = "sha256:384154a1c3f4bf537bac69f33720957ee49ac8d484bfc91720cc94172026ceed"},
    {file = "ruff-0.4.8-py3-none-musllinux_1_2_x86_64.whl", hash = "sha256:e9d5ce97cacc99878aa0d084c626a15cd21e6b3d53fd6f9112b7fc485918e1fa"},
    {file = "ruff-0.4.8-py3-none-win32.whl", hash = "sha256:6d795d7639212c2dfd01991259460101c22aabf420d9b943f153ab9d9706e6a9"},
    {file = "ruff-0.4.8-py3-none-win_amd64.whl", hash = "sha256:e14a3a095d07560a9d6769a72f781d73259655919d9b396c650fc98a8157555d"},
    {file = "ruff-0.4.8-py3-none-win_arm64.whl", hash = "sha256:14019a06dbe29b608f6b7cbcec300e3170a8d86efaddb7b23405cb7f7dcaf780"},
    {file = "ruff-0.4.8.tar.gz", hash = "sha256:16d717b1d57b2e2fd68bd0bf80fb43931b79d05a7131aa477d66fc40fbd86268"},
]

[[package]]
name = "uvloop"
version = "0.18.0"
description = "Fast implementation of asyncio event loop on top of libuv"
optional = false
python-versions = ">=3.7.0"
files = [
    {file = "uvloop-0.18.0-cp310-cp310-macosx_10_9_universal2.whl", hash = "sha256:1f354d669586fca96a9a688c585b6257706d216177ac457c92e15709acaece10"},
    {file = "uvloop-0.18.0-cp310-cp310-macosx_10_9_x86_64.whl", hash = "sha256:280904236a5b333a273292b3bcdcbfe173690f69901365b973fa35be302d7781"},
    {file = "uvloop-0.18.0-cp310-cp310-manylinux_2_17_aarch64.manylinux2014_aarch64.whl", hash = "sha256:ad79cd30c7e7484bdf6e315f3296f564b3ee2f453134a23ffc80d00e63b3b59e"},
    {file = "uvloop-0.18.0-cp310-cp310-manylinux_2_17_x86_64.manylinux2014_x86_64.whl", hash = "sha256:99deae0504547d04990cc5acf631d9f490108c3709479d90c1dcd14d6e7af24d"},
    {file = "uvloop-0.18.0-cp310-cp310-musllinux_1_1_aarch64.whl", hash = "sha256:edbb4de38535f42f020da1e3ae7c60f2f65402d027a08a8c60dc8569464873a6"},
    {file = "uvloop-0.18.0-cp310-cp310-musllinux_1_1_x86_64.whl", hash = "sha256:54b211c46facb466726b227f350792770fc96593c4ecdfaafe20dc00f3209aef"},
    {file = "uvloop-0.18.0-cp311-cp311-macosx_10_9_universal2.whl", hash = "sha256:25b714f07c68dcdaad6994414f6ec0f2a3b9565524fba181dcbfd7d9598a3e73"},
    {file = "uvloop-0.18.0-cp311-cp311-macosx_10_9_x86_64.whl", hash = "sha256:1121087dfeb46e9e65920b20d1f46322ba299b8d93f7cb61d76c94b5a1adc20c"},
    {file = "uvloop-0.18.0-cp311-cp311-manylinux_2_17_aarch64.manylinux2014_aarch64.whl", hash = "sha256:74020ef8061678e01a40c49f1716b4f4d1cc71190d40633f08a5ef8a7448a5c6"},
    {file = "uvloop-0.18.0-cp311-cp311-manylinux_2_17_x86_64.manylinux2014_x86_64.whl", hash = "sha256:1f4a549cd747e6f4f8446f4b4c8cb79504a8372d5d3a9b4fc20e25daf8e76c05"},
    {file = "uvloop-0.18.0-cp311-cp311-musllinux_1_1_aarch64.whl", hash = "sha256:6132318e1ab84a626639b252137aa8d031a6c0550250460644c32ed997604088"},
    {file = "uvloop-0.18.0-cp311-cp311-musllinux_1_1_x86_64.whl", hash = "sha256:585b7281f9ea25c4a5fa993b1acca4ad3d8bc3f3fe2e393f0ef51b6c1bcd2fe6"},
    {file = "uvloop-0.18.0-cp312-cp312-macosx_10_9_universal2.whl", hash = "sha256:61151cc207cf5fc88863e50de3d04f64ee0fdbb979d0b97caf21cae29130ed78"},
    {file = "uvloop-0.18.0-cp312-cp312-macosx_10_9_x86_64.whl", hash = "sha256:c65585ae03571b73907b8089473419d8c0aff1e3826b3bce153776de56cbc687"},
    {file = "uvloop-0.18.0-cp312-cp312-manylinux_2_17_aarch64.manylinux2014_aarch64.whl", hash = "sha256:e3d301e23984dcbc92d0e42253e0e0571915f0763f1eeaf68631348745f2dccc"},
    {file = "uvloop-0.18.0-cp312-cp312-manylinux_2_17_x86_64.manylinux2014_x86_64.whl", hash = "sha256:680da98f12a7587f76f6f639a8aa7708936a5d17c5e7db0bf9c9d9cbcb616593"},
    {file = "uvloop-0.18.0-cp312-cp312-musllinux_1_1_aarch64.whl", hash = "sha256:75baba0bfdd385c886804970ae03f0172e0d51e51ebd191e4df09b929771b71e"},
    {file = "uvloop-0.18.0-cp312-cp312-musllinux_1_1_x86_64.whl", hash = "sha256:ed3c28337d2fefc0bac5705b9c66b2702dc392f2e9a69badb1d606e7e7f773bb"},
    {file = "uvloop-0.18.0-cp37-cp37m-macosx_10_9_x86_64.whl", hash = "sha256:8849b8ef861431543c07112ad8436903e243cdfa783290cbee3df4ce86d8dd48"},
    {file = "uvloop-0.18.0-cp37-cp37m-manylinux_2_17_aarch64.manylinux2014_aarch64.whl", hash = "sha256:211ce38d84118ae282a91408f61b85cf28e2e65a0a8966b9a97e0e9d67c48722"},
    {file = "uvloop-0.18.0-cp37-cp37m-manylinux_2_17_x86_64.manylinux2014_x86_64.whl", hash = "sha256:b0a8f706b943c198dcedf1f2fb84899002c195c24745e47eeb8f2fb340f7dfc3"},
    {file = "uvloop-0.18.0-cp37-cp37m-musllinux_1_1_aarch64.whl", hash = "sha256:58e44650cbc8607a218caeece5a689f0a2d10be084a69fc32f7db2e8f364927c"},
    {file = "uvloop-0.18.0-cp37-cp37m-musllinux_1_1_x86_64.whl", hash = "sha256:2b8b7cf7806bdc745917f84d833f2144fabcc38e9cd854e6bc49755e3af2b53e"},
    {file = "uvloop-0.18.0-cp38-cp38-macosx_10_9_universal2.whl", hash = "sha256:56c1026a6b0d12b378425e16250acb7d453abaefe7a2f5977143898db6cfe5bd"},
    {file = "uvloop-0.18.0-cp38-cp38-macosx_10_9_x86_64.whl", hash = "sha256:12af0d2e1b16780051d27c12de7e419b9daeb3516c503ab3e98d364cc55303bb"},
    {file = "uvloop-0.18.0-cp38-cp38-manylinux_2_17_aarch64.manylinux2014_aarch64.whl", hash = "sha256:b028776faf9b7a6d0a325664f899e4c670b2ae430265189eb8d76bd4a57d8a6e"},
    {file = "uvloop-0.18.0-cp38-cp38-manylinux_2_17_x86_64.manylinux2014_x86_64.whl", hash = "sha256:53aca21735eee3859e8c11265445925911ffe410974f13304edb0447f9f58420"},
    {file = "uvloop-0.18.0-cp38-cp38-musllinux_1_1_aarch64.whl", hash = "sha256:847f2ed0887047c63da9ad788d54755579fa23f0784db7e752c7cf14cf2e7506"},
    {file = "uvloop-0.18.0-cp38-cp38-musllinux_1_1_x86_64.whl", hash = "sha256:6e20bb765fcac07879cd6767b6dca58127ba5a456149717e0e3b1f00d8eab51c"},
    {file = "uvloop-0.18.0-cp39-cp39-macosx_10_9_universal2.whl", hash = "sha256:e14de8800765b9916d051707f62e18a304cde661fa2b98a58816ca38d2b94029"},
    {file = "uvloop-0.18.0-cp39-cp39-macosx_10_9_x86_64.whl", hash = "sha256:f3b18663efe0012bc4c315f1b64020e44596f5fabc281f5b0d9bc9465288559c"},
    {file = "uvloop-0.18.0-cp39-cp39-manylinux_2_17_aarch64.manylinux2014_aarch64.whl", hash = "sha256:c6d341bc109fb8ea69025b3ec281fcb155d6824a8ebf5486c989ff7748351a37"},
    {file = "uvloop-0.18.0-cp39-cp39-manylinux_2_17_x86_64.manylinux2014_x86_64.whl", hash = "sha256:895a1e3aca2504638a802d0bec2759acc2f43a0291a1dff886d69f8b7baff399"},
    {file = "uvloop-0.18.0-cp39-cp39-musllinux_1_1_aarch64.whl", hash = "sha256:4d90858f32a852988d33987d608bcfba92a1874eb9f183995def59a34229f30d"},
    {file = "uvloop-0.18.0-cp39-cp39-musllinux_1_1_x86_64.whl", hash = "sha256:db1fcbad5deb9551e011ca589c5e7258b5afa78598174ac37a5f15ddcfb4ac7b"},
    {file = "uvloop-0.18.0.tar.gz", hash = "sha256:d5d1135beffe9cd95d0350f19e2716bc38be47d5df296d7cc46e3b7557c0d1ff"},
]

[package.extras]
docs = ["Sphinx (>=4.1.2,<4.2.0)", "sphinx-rtd-theme (>=0.5.2,<0.6.0)", "sphinxcontrib-asyncio (>=0.3.0,<0.4.0)"]
test = ["Cython (>=0.29.36,<0.30.0)", "aiohttp (==3.9.0b0)", "aiohttp (>=3.8.1)", "flake8 (>=5.0,<6.0)", "mypy (>=0.800)", "psutil", "pyOpenSSL (>=23.0.0,<23.1.0)", "pycodestyle (>=2.9.0,<2.10.0)"]

[metadata]
lock-version = "2.0"
python-versions = "^3.11"
content-hash = "67d513df1138ba6e7eba7b9048899cbca9cc05e525368a9b28f344410d5501b2"
